// !$*UTF8*$!
{
	archiveVersion = 1;
	classes = {
	};
	objectVersion = 56;
	objects = {

/* Begin PBXBuildFile section */
		B50E4DA12A9E12E90006D604 /* viewmodel.swift in Sources */ = {isa = PBXBuildFile; fileRef = B50E4DA02A9E12E90006D604 /* viewmodel.swift */; };
		B50E4DA72A9E46950006D604 /* cat_breed.swift in Sources */ = {isa = PBXBuildFile; fileRef = B50E4DA62A9E46950006D604 /* cat_breed.swift */; };
		B50E4DA92A9E46F10006D604 /* cat_breed_image.swift in Sources */ = {isa = PBXBuildFile; fileRef = B50E4DA82A9E46F10006D604 /* cat_breed_image.swift */; };
		B50E4DAB2A9E47340006D604 /* breed_repository.swift in Sources */ = {isa = PBXBuildFile; fileRef = B50E4DAA2A9E47340006D604 /* breed_repository.swift */; };
		B58797362A9F801D00E186C9 /* ErrorView.swift in Sources */ = {isa = PBXBuildFile; fileRef = B58797352A9F801D00E186C9 /* ErrorView.swift */; };
		B58797382A9F802D00E186C9 /* LoadingView.swift in Sources */ = {isa = PBXBuildFile; fileRef = B58797372A9F802D00E186C9 /* LoadingView.swift */; };
		B587973A2A9F803C00E186C9 /* BreedListView.swift in Sources */ = {isa = PBXBuildFile; fileRef = B58797392A9F803C00E186C9 /* BreedListView.swift */; };
		B587973D2A9F8DE200E186C9 /* api_error.swift in Sources */ = {isa = PBXBuildFile; fileRef = B587973C2A9F8DE200E186C9 /* api_error.swift */; };
		B587973F2A9F9CEC00E186C9 /* api_service.swift in Sources */ = {isa = PBXBuildFile; fileRef = B587973E2A9F9CEC00E186C9 /* api_service.swift */; };
		B58797422AA0696E00E186C9 /* breed_row.swift in Sources */ = {isa = PBXBuildFile; fileRef = B58797412AA0696E00E186C9 /* breed_row.swift */; };
		B58797442AA083E300E186C9 /* BreedDetailView.swift in Sources */ = {isa = PBXBuildFile; fileRef = B58797432AA083E300E186C9 /* BreedDetailView.swift */; };
		B5F05C5E2A9D6A5C00719B0C /* cat_appApp.swift in Sources */ = {isa = PBXBuildFile; fileRef = B5F05C5D2A9D6A5C00719B0C /* cat_appApp.swift */; };
		B5F05C602A9D6A5C00719B0C /* ContentView.swift in Sources */ = {isa = PBXBuildFile; fileRef = B5F05C5F2A9D6A5C00719B0C /* ContentView.swift */; };
		B5F05C622A9D6A5D00719B0C /* Assets.xcassets in Resources */ = {isa = PBXBuildFile; fileRef = B5F05C612A9D6A5D00719B0C /* Assets.xcassets */; };
		B5F05C652A9D6A5D00719B0C /* Preview Assets.xcassets in Resources */ = {isa = PBXBuildFile; fileRef = B5F05C642A9D6A5D00719B0C /* Preview Assets.xcassets */; };
		B5F05C6F2A9D6A5D00719B0C /* cat_appTests.swift in Sources */ = {isa = PBXBuildFile; fileRef = B5F05C6E2A9D6A5D00719B0C /* cat_appTests.swift */; };
		B5F05C792A9D6A5D00719B0C /* cat_appUITests.swift in Sources */ = {isa = PBXBuildFile; fileRef = B5F05C782A9D6A5D00719B0C /* cat_appUITests.swift */; };
		B5F05C7B2A9D6A5D00719B0C /* cat_appUITestsLaunchTests.swift in Sources */ = {isa = PBXBuildFile; fileRef = B5F05C7A2A9D6A5D00719B0C /* cat_appUITestsLaunchTests.swift */; };
/* End PBXBuildFile section */

/* Begin PBXContainerItemProxy section */
		B5F05C6B2A9D6A5D00719B0C /* PBXContainerItemProxy */ = {
			isa = PBXContainerItemProxy;
			containerPortal = B5F05C522A9D6A5C00719B0C /* Project object */;
			proxyType = 1;
			remoteGlobalIDString = B5F05C592A9D6A5C00719B0C;
			remoteInfo = cat_app;
		};
		B5F05C752A9D6A5D00719B0C /* PBXContainerItemProxy */ = {
			isa = PBXContainerItemProxy;
			containerPortal = B5F05C522A9D6A5C00719B0C /* Project object */;
			proxyType = 1;
			remoteGlobalIDString = B5F05C592A9D6A5C00719B0C;
			remoteInfo = cat_app;
		};
/* End PBXContainerItemProxy section */

/* Begin PBXFileReference section */
		B50E4DA02A9E12E90006D604 /* viewmodel.swift */ = {isa = PBXFileReference; lastKnownFileType = sourcecode.swift; path = viewmodel.swift; sourceTree = "<group>"; };
		B50E4DA62A9E46950006D604 /* cat_breed.swift */ = {isa = PBXFileReference; lastKnownFileType = sourcecode.swift; path = cat_breed.swift; sourceTree = "<group>"; };
		B50E4DA82A9E46F10006D604 /* cat_breed_image.swift */ = {isa = PBXFileReference; lastKnownFileType = sourcecode.swift; path = cat_breed_image.swift; sourceTree = "<group>"; };
		B50E4DAA2A9E47340006D604 /* breed_repository.swift */ = {isa = PBXFileReference; lastKnownFileType = sourcecode.swift; path = breed_repository.swift; sourceTree = "<group>"; };
		B58797352A9F801D00E186C9 /* ErrorView.swift */ = {isa = PBXFileReference; lastKnownFileType = sourcecode.swift; path = ErrorView.swift; sourceTree = "<group>"; };
		B58797372A9F802D00E186C9 /* LoadingView.swift */ = {isa = PBXFileReference; lastKnownFileType = sourcecode.swift; path = LoadingView.swift; sourceTree = "<group>"; };
		B58797392A9F803C00E186C9 /* BreedListView.swift */ = {isa = PBXFileReference; lastKnownFileType = sourcecode.swift; path = BreedListView.swift; sourceTree = "<group>"; };
		B587973C2A9F8DE200E186C9 /* api_error.swift */ = {isa = PBXFileReference; lastKnownFileType = sourcecode.swift; path = api_error.swift; sourceTree = "<group>"; };
		B587973E2A9F9CEC00E186C9 /* api_service.swift */ = {isa = PBXFileReference; lastKnownFileType = sourcecode.swift; path = api_service.swift; sourceTree = "<group>"; };
		B58797412AA0696E00E186C9 /* breed_row.swift */ = {isa = PBXFileReference; lastKnownFileType = sourcecode.swift; path = breed_row.swift; sourceTree = "<group>"; };
		B58797432AA083E300E186C9 /* BreedDetailView.swift */ = {isa = PBXFileReference; lastKnownFileType = sourcecode.swift; path = BreedDetailView.swift; sourceTree = "<group>"; };
		B5F05C5A2A9D6A5C00719B0C /* cat_app.app */ = {isa = PBXFileReference; explicitFileType = wrapper.application; includeInIndex = 0; path = cat_app.app; sourceTree = BUILT_PRODUCTS_DIR; };
		B5F05C5D2A9D6A5C00719B0C /* cat_appApp.swift */ = {isa = PBXFileReference; lastKnownFileType = sourcecode.swift; path = cat_appApp.swift; sourceTree = "<group>"; };
		B5F05C5F2A9D6A5C00719B0C /* ContentView.swift */ = {isa = PBXFileReference; lastKnownFileType = sourcecode.swift; path = ContentView.swift; sourceTree = "<group>"; };
		B5F05C612A9D6A5D00719B0C /* Assets.xcassets */ = {isa = PBXFileReference; lastKnownFileType = folder.assetcatalog; path = Assets.xcassets; sourceTree = "<group>"; };
		B5F05C642A9D6A5D00719B0C /* Preview Assets.xcassets */ = {isa = PBXFileReference; lastKnownFileType = folder.assetcatalog; path = "Preview Assets.xcassets"; sourceTree = "<group>"; };
		B5F05C6A2A9D6A5D00719B0C /* cat_appTests.xctest */ = {isa = PBXFileReference; explicitFileType = wrapper.cfbundle; includeInIndex = 0; path = cat_appTests.xctest; sourceTree = BUILT_PRODUCTS_DIR; };
		B5F05C6E2A9D6A5D00719B0C /* cat_appTests.swift */ = {isa = PBXFileReference; lastKnownFileType = sourcecode.swift; path = cat_appTests.swift; sourceTree = "<group>"; };
		B5F05C742A9D6A5D00719B0C /* cat_appUITests.xctest */ = {isa = PBXFileReference; explicitFileType = wrapper.cfbundle; includeInIndex = 0; path = cat_appUITests.xctest; sourceTree = BUILT_PRODUCTS_DIR; };
		B5F05C782A9D6A5D00719B0C /* cat_appUITests.swift */ = {isa = PBXFileReference; lastKnownFileType = sourcecode.swift; path = cat_appUITests.swift; sourceTree = "<group>"; };
		B5F05C7A2A9D6A5D00719B0C /* cat_appUITestsLaunchTests.swift */ = {isa = PBXFileReference; lastKnownFileType = sourcecode.swift; path = cat_appUITestsLaunchTests.swift; sourceTree = "<group>"; };
/* End PBXFileReference section */

/* Begin PBXFrameworksBuildPhase section */
		B5F05C572A9D6A5C00719B0C /* Frameworks */ = {
			isa = PBXFrameworksBuildPhase;
			buildActionMask = 2147483647;
			files = (
			);
			runOnlyForDeploymentPostprocessing = 0;
		};
		B5F05C672A9D6A5D00719B0C /* Frameworks */ = {
			isa = PBXFrameworksBuildPhase;
			buildActionMask = 2147483647;
			files = (
			);
			runOnlyForDeploymentPostprocessing = 0;
		};
		B5F05C712A9D6A5D00719B0C /* Frameworks */ = {
			isa = PBXFrameworksBuildPhase;
			buildActionMask = 2147483647;
			files = (
			);
			runOnlyForDeploymentPostprocessing = 0;
		};
/* End PBXFrameworksBuildPhase section */

/* Begin PBXGroup section */
		B50E4DA22A9E46070006D604 /* src */ = {
			isa = PBXGroup;
			children = (
				B587973B2A9F8DC700E186C9 /* services */,
				B50E4DA52A9E462B0006D604 /* repository */,
				B50E4DA42A9E46200006D604 /* views */,
				B50E4DA32A9E46160006D604 /* models */,
			);
			path = src;
			sourceTree = "<group>";
		};
		B50E4DA32A9E46160006D604 /* models */ = {
			isa = PBXGroup;
			children = (
				B50E4DA62A9E46950006D604 /* cat_breed.swift */,
				B50E4DA82A9E46F10006D604 /* cat_breed_image.swift */,
			);
			path = models;
			sourceTree = "<group>";
		};
		B50E4DA42A9E46200006D604 /* views */ = {
			isa = PBXGroup;
			children = (
				B58797402AA0694600E186C9 /* utils */,
				B58797352A9F801D00E186C9 /* ErrorView.swift */,
				B58797372A9F802D00E186C9 /* LoadingView.swift */,
				B58797392A9F803C00E186C9 /* BreedListView.swift */,
				B58797432AA083E300E186C9 /* BreedDetailView.swift */,
			);
			path = views;
			sourceTree = "<group>";
		};
		B50E4DA52A9E462B0006D604 /* repository */ = {
			isa = PBXGroup;
			children = (
				B50E4DAA2A9E47340006D604 /* breed_repository.swift */,
			);
			path = repository;
			sourceTree = "<group>";
		};
		B587973B2A9F8DC700E186C9 /* services */ = {
			isa = PBXGroup;
			children = (
				B587973C2A9F8DE200E186C9 /* api_error.swift */,
				B587973E2A9F9CEC00E186C9 /* api_service.swift */,
			);
			path = services;
			sourceTree = "<group>";
		};
		B58797402AA0694600E186C9 /* utils */ = {
			isa = PBXGroup;
			children = (
				B58797412AA0696E00E186C9 /* breed_row.swift */,
			);
			path = utils;
			sourceTree = "<group>";
		};
		B5F05C512A9D6A5C00719B0C = {
			isa = PBXGroup;
			children = (
				B5F05C5C2A9D6A5C00719B0C /* cat_app */,
				B5F05C6D2A9D6A5D00719B0C /* cat_appTests */,
				B5F05C772A9D6A5D00719B0C /* cat_appUITests */,
				B5F05C5B2A9D6A5C00719B0C /* Products */,
			);
			sourceTree = "<group>";
		};
		B5F05C5B2A9D6A5C00719B0C /* Products */ = {
			isa = PBXGroup;
			children = (
				B5F05C5A2A9D6A5C00719B0C /* cat_app.app */,
				B5F05C6A2A9D6A5D00719B0C /* cat_appTests.xctest */,
				B5F05C742A9D6A5D00719B0C /* cat_appUITests.xctest */,
			);
			name = Products;
			sourceTree = "<group>";
		};
		B5F05C5C2A9D6A5C00719B0C /* cat_app */ = {
			isa = PBXGroup;
			children = (
				B50E4DA22A9E46070006D604 /* src */,
				B5F05C5D2A9D6A5C00719B0C /* cat_appApp.swift */,
				B5F05C5F2A9D6A5C00719B0C /* ContentView.swift */,
				B5F05C612A9D6A5D00719B0C /* Assets.xcassets */,
				B5F05C632A9D6A5D00719B0C /* Preview Content */,
				B50E4DA02A9E12E90006D604 /* viewmodel.swift */,
			);
			path = cat_app;
			sourceTree = "<group>";
		};
		B5F05C632A9D6A5D00719B0C /* Preview Content */ = {
			isa = PBXGroup;
			children = (
				B5F05C642A9D6A5D00719B0C /* Preview Assets.xcassets */,
			);
			path = "Preview Content";
			sourceTree = "<group>";
		};
		B5F05C6D2A9D6A5D00719B0C /* cat_appTests */ = {
			isa = PBXGroup;
			children = (
				B5F05C6E2A9D6A5D00719B0C /* cat_appTests.swift */,
			);
			path = cat_appTests;
			sourceTree = "<group>";
		};
		B5F05C772A9D6A5D00719B0C /* cat_appUITests */ = {
			isa = PBXGroup;
			children = (
				B5F05C782A9D6A5D00719B0C /* cat_appUITests.swift */,
				B5F05C7A2A9D6A5D00719B0C /* cat_appUITestsLaunchTests.swift */,
			);
			path = cat_appUITests;
			sourceTree = "<group>";
		};
/* End PBXGroup section */

/* Begin PBXNativeTarget section */
		B5F05C592A9D6A5C00719B0C /* cat_app */ = {
			isa = PBXNativeTarget;
			buildConfigurationList = B5F05C7E2A9D6A5D00719B0C /* Build configuration list for PBXNativeTarget "cat_app" */;
			buildPhases = (
				B5F05C562A9D6A5C00719B0C /* Sources */,
				B5F05C572A9D6A5C00719B0C /* Frameworks */,
				B5F05C582A9D6A5C00719B0C /* Resources */,
			);
			buildRules = (
			);
			dependencies = (
			);
			name = cat_app;
			productName = cat_app;
			productReference = B5F05C5A2A9D6A5C00719B0C /* cat_app.app */;
			productType = "com.apple.product-type.application";
		};
		B5F05C692A9D6A5D00719B0C /* cat_appTests */ = {
			isa = PBXNativeTarget;
			buildConfigurationList = B5F05C812A9D6A5D00719B0C /* Build configuration list for PBXNativeTarget "cat_appTests" */;
			buildPhases = (
				B5F05C662A9D6A5D00719B0C /* Sources */,
				B5F05C672A9D6A5D00719B0C /* Frameworks */,
				B5F05C682A9D6A5D00719B0C /* Resources */,
			);
			buildRules = (
			);
			dependencies = (
				B5F05C6C2A9D6A5D00719B0C /* PBXTargetDependency */,
			);
			name = cat_appTests;
			productName = cat_appTests;
			productReference = B5F05C6A2A9D6A5D00719B0C /* cat_appTests.xctest */;
			productType = "com.apple.product-type.bundle.unit-test";
		};
		B5F05C732A9D6A5D00719B0C /* cat_appUITests */ = {
			isa = PBXNativeTarget;
			buildConfigurationList = B5F05C842A9D6A5D00719B0C /* Build configuration list for PBXNativeTarget "cat_appUITests" */;
			buildPhases = (
				B5F05C702A9D6A5D00719B0C /* Sources */,
				B5F05C712A9D6A5D00719B0C /* Frameworks */,
				B5F05C722A9D6A5D00719B0C /* Resources */,
			);
			buildRules = (
			);
			dependencies = (
				B5F05C762A9D6A5D00719B0C /* PBXTargetDependency */,
			);
			name = cat_appUITests;
			productName = cat_appUITests;
			productReference = B5F05C742A9D6A5D00719B0C /* cat_appUITests.xctest */;
			productType = "com.apple.product-type.bundle.ui-testing";
		};
/* End PBXNativeTarget section */

/* Begin PBXProject section */
		B5F05C522A9D6A5C00719B0C /* Project object */ = {
			isa = PBXProject;
			attributes = {
				BuildIndependentTargetsInParallel = 1;
				LastSwiftUpdateCheck = 1420;
				LastUpgradeCheck = 1420;
				TargetAttributes = {
					B5F05C592A9D6A5C00719B0C = {
						CreatedOnToolsVersion = 14.2;
					};
					B5F05C692A9D6A5D00719B0C = {
						CreatedOnToolsVersion = 14.2;
						TestTargetID = B5F05C592A9D6A5C00719B0C;
					};
					B5F05C732A9D6A5D00719B0C = {
						CreatedOnToolsVersion = 14.2;
						TestTargetID = B5F05C592A9D6A5C00719B0C;
					};
				};
			};
			buildConfigurationList = B5F05C552A9D6A5C00719B0C /* Build configuration list for PBXProject "cat_app" */;
			compatibilityVersion = "Xcode 14.0";
			developmentRegion = en;
			hasScannedForEncodings = 0;
			knownRegions = (
				en,
				Base,
			);
			mainGroup = B5F05C512A9D6A5C00719B0C;
			productRefGroup = B5F05C5B2A9D6A5C00719B0C /* Products */;
			projectDirPath = "";
			projectRoot = "";
			targets = (
				B5F05C592A9D6A5C00719B0C /* cat_app */,
				B5F05C692A9D6A5D00719B0C /* cat_appTests */,
				B5F05C732A9D6A5D00719B0C /* cat_appUITests */,
			);
		};
/* End PBXProject section */

/* Begin PBXResourcesBuildPhase section */
		B5F05C582A9D6A5C00719B0C /* Resources */ = {
			isa = PBXResourcesBuildPhase;
			buildActionMask = 2147483647;
			files = (
				B5F05C652A9D6A5D00719B0C /* Preview Assets.xcassets in Resources */,
				B5F05C622A9D6A5D00719B0C /* Assets.xcassets in Resources */,
			);
			runOnlyForDeploymentPostprocessing = 0;
		};
		B5F05C682A9D6A5D00719B0C /* Resources */ = {
			isa = PBXResourcesBuildPhase;
			buildActionMask = 2147483647;
			files = (
			);
			runOnlyForDeploymentPostprocessing = 0;
		};
		B5F05C722A9D6A5D00719B0C /* Resources */ = {
			isa = PBXResourcesBuildPhase;
			buildActionMask = 2147483647;
			files = (
			);
			runOnlyForDeploymentPostprocessing = 0;
		};
/* End PBXResourcesBuildPhase section */

/* Begin PBXSourcesBuildPhase section */
		B5F05C562A9D6A5C00719B0C /* Sources */ = {
			isa = PBXSourcesBuildPhase;
			buildActionMask = 2147483647;
			files = (
				B5F05C602A9D6A5C00719B0C /* ContentView.swift in Sources */,
				B587973D2A9F8DE200E186C9 /* api_error.swift in Sources */,
				B5F05C5E2A9D6A5C00719B0C /* cat_appApp.swift in Sources */,
				B50E4DAB2A9E47340006D604 /* breed_repository.swift in Sources */,
				B50E4DA12A9E12E90006D604 /* viewmodel.swift in Sources */,
				B58797362A9F801D00E186C9 /* ErrorView.swift in Sources */,
				B587973A2A9F803C00E186C9 /* BreedListView.swift in Sources */,
				B58797422AA0696E00E186C9 /* breed_row.swift in Sources */,
				B58797382A9F802D00E186C9 /* LoadingView.swift in Sources */,
				B50E4DA92A9E46F10006D604 /* cat_breed_image.swift in Sources */,
				B58797442AA083E300E186C9 /* BreedDetailView.swift in Sources */,
				B587973F2A9F9CEC00E186C9 /* api_service.swift in Sources */,
				B50E4DA72A9E46950006D604 /* cat_breed.swift in Sources */,
			);
			runOnlyForDeploymentPostprocessing = 0;
		};
		B5F05C662A9D6A5D00719B0C /* Sources */ = {
			isa = PBXSourcesBuildPhase;
			buildActionMask = 2147483647;
			files = (
				B5F05C6F2A9D6A5D00719B0C /* cat_appTests.swift in Sources */,
			);
			runOnlyForDeploymentPostprocessing = 0;
		};
		B5F05C702A9D6A5D00719B0C /* Sources */ = {
			isa = PBXSourcesBuildPhase;
			buildActionMask = 2147483647;
			files = (
				B5F05C792A9D6A5D00719B0C /* cat_appUITests.swift in Sources */,
				B5F05C7B2A9D6A5D00719B0C /* cat_appUITestsLaunchTests.swift in Sources */,
			);
			runOnlyForDeploymentPostprocessing = 0;
		};
/* End PBXSourcesBuildPhase section */

/* Begin PBXTargetDependency section */
		B5F05C6C2A9D6A5D00719B0C /* PBXTargetDependency */ = {
			isa = PBXTargetDependency;
			target = B5F05C592A9D6A5C00719B0C /* cat_app */;
			targetProxy = B5F05C6B2A9D6A5D00719B0C /* PBXContainerItemProxy */;
		};
		B5F05C762A9D6A5D00719B0C /* PBXTargetDependency */ = {
			isa = PBXTargetDependency;
			target = B5F05C592A9D6A5C00719B0C /* cat_app */;
			targetProxy = B5F05C752A9D6A5D00719B0C /* PBXContainerItemProxy */;
		};
/* End PBXTargetDependency section */

/* Begin XCBuildConfiguration section */
		B5F05C7C2A9D6A5D00719B0C /* Debug */ = {
			isa = XCBuildConfiguration;
			buildSettings = {
				ALWAYS_SEARCH_USER_PATHS = NO;
				CLANG_ANALYZER_NONNULL = YES;
				CLANG_ANALYZER_NUMBER_OBJECT_CONVERSION = YES_AGGRESSIVE;
				CLANG_CXX_LANGUAGE_STANDARD = "gnu++20";
				CLANG_ENABLE_MODULES = YES;
				CLANG_ENABLE_OBJC_ARC = YES;
				CLANG_ENABLE_OBJC_WEAK = YES;
				CLANG_WARN_BLOCK_CAPTURE_AUTORELEASING = YES;
				CLANG_WARN_BOOL_CONVERSION = YES;
				CLANG_WARN_COMMA = YES;
				CLANG_WARN_CONSTANT_CONVERSION = YES;
				CLANG_WARN_DEPRECATED_OBJC_IMPLEMENTATIONS = YES;
				CLANG_WARN_DIRECT_OBJC_ISA_USAGE = YES_ERROR;
				CLANG_WARN_DOCUMENTATION_COMMENTS = YES;
				CLANG_WARN_EMPTY_BODY = YES;
				CLANG_WARN_ENUM_CONVERSION = YES;
				CLANG_WARN_INFINITE_RECURSION = YES;
				CLANG_WARN_INT_CONVERSION = YES;
				CLANG_WARN_NON_LITERAL_NULL_CONVERSION = YES;
				CLANG_WARN_OBJC_IMPLICIT_RETAIN_SELF = YES;
				CLANG_WARN_OBJC_LITERAL_CONVERSION = YES;
				CLANG_WARN_OBJC_ROOT_CLASS = YES_ERROR;
				CLANG_WARN_QUOTED_INCLUDE_IN_FRAMEWORK_HEADER = YES;
				CLANG_WARN_RANGE_LOOP_ANALYSIS = YES;
				CLANG_WARN_STRICT_PROTOTYPES = YES;
				CLANG_WARN_SUSPICIOUS_MOVE = YES;
				CLANG_WARN_UNGUARDED_AVAILABILITY = YES_AGGRESSIVE;
				CLANG_WARN_UNREACHABLE_CODE = YES;
				CLANG_WARN__DUPLICATE_METHOD_MATCH = YES;
				COPY_PHASE_STRIP = NO;
				DEBUG_INFORMATION_FORMAT = dwarf;
				ENABLE_STRICT_OBJC_MSGSEND = YES;
				ENABLE_TESTABILITY = YES;
				GCC_C_LANGUAGE_STANDARD = gnu11;
				GCC_DYNAMIC_NO_PIC = NO;
				GCC_NO_COMMON_BLOCKS = YES;
				GCC_OPTIMIZATION_LEVEL = 0;
				GCC_PREPROCESSOR_DEFINITIONS = (
					"DEBUG=1",
					"$(inherited)",
				);
				GCC_WARN_64_TO_32_BIT_CONVERSION = YES;
				GCC_WARN_ABOUT_RETURN_TYPE = YES_ERROR;
				GCC_WARN_UNDECLARED_SELECTOR = YES;
				GCC_WARN_UNINITIALIZED_AUTOS = YES_AGGRESSIVE;
				GCC_WARN_UNUSED_FUNCTION = YES;
				GCC_WARN_UNUSED_VARIABLE = YES;
				IPHONEOS_DEPLOYMENT_TARGET = 16.2;
				MTL_ENABLE_DEBUG_INFO = INCLUDE_SOURCE;
				MTL_FAST_MATH = YES;
				ONLY_ACTIVE_ARCH = YES;
				SDKROOT = iphoneos;
				SWIFT_ACTIVE_COMPILATION_CONDITIONS = DEBUG;
				SWIFT_OPTIMIZATION_LEVEL = "-Onone";
			};
			name = Debug;
		};
		B5F05C7D2A9D6A5D00719B0C /* Release */ = {
			isa = XCBuildConfiguration;
			buildSettings = {
				ALWAYS_SEARCH_USER_PATHS = NO;
				CLANG_ANALYZER_NONNULL = YES;
				CLANG_ANALYZER_NUMBER_OBJECT_CONVERSION = YES_AGGRESSIVE;
				CLANG_CXX_LANGUAGE_STANDARD = "gnu++20";
				CLANG_ENABLE_MODULES = YES;
				CLANG_ENABLE_OBJC_ARC = YES;
				CLANG_ENABLE_OBJC_WEAK = YES;
				CLANG_WARN_BLOCK_CAPTURE_AUTORELEASING = YES;
				CLANG_WARN_BOOL_CONVERSION = YES;
				CLANG_WARN_COMMA = YES;
				CLANG_WARN_CONSTANT_CONVERSION = YES;
				CLANG_WARN_DEPRECATED_OBJC_IMPLEMENTATIONS = YES;
				CLANG_WARN_DIRECT_OBJC_ISA_USAGE = YES_ERROR;
				CLANG_WARN_DOCUMENTATION_COMMENTS = YES;
				CLANG_WARN_EMPTY_BODY = YES;
				CLANG_WARN_ENUM_CONVERSION = YES;
				CLANG_WARN_INFINITE_RECURSION = YES;
				CLANG_WARN_INT_CONVERSION = YES;
				CLANG_WARN_NON_LITERAL_NULL_CONVERSION = YES;
				CLANG_WARN_OBJC_IMPLICIT_RETAIN_SELF = YES;
				CLANG_WARN_OBJC_LITERAL_CONVERSION = YES;
				CLANG_WARN_OBJC_ROOT_CLASS = YES_ERROR;
				CLANG_WARN_QUOTED_INCLUDE_IN_FRAMEWORK_HEADER = YES;
				CLANG_WARN_RANGE_LOOP_ANALYSIS = YES;
				CLANG_WARN_STRICT_PROTOTYPES = YES;
				CLANG_WARN_SUSPICIOUS_MOVE = YES;
				CLANG_WARN_UNGUARDED_AVAILABILITY = YES_AGGRESSIVE;
				CLANG_WARN_UNREACHABLE_CODE = YES;
				CLANG_WARN__DUPLICATE_METHOD_MATCH = YES;
				COPY_PHASE_STRIP = NO;
				DEBUG_INFORMATION_FORMAT = "dwarf-with-dsym";
				ENABLE_NS_ASSERTIONS = NO;
				ENABLE_STRICT_OBJC_MSGSEND = YES;
				GCC_C_LANGUAGE_STANDARD = gnu11;
				GCC_NO_COMMON_BLOCKS = YES;
				GCC_WARN_64_TO_32_BIT_CONVERSION = YES;
				GCC_WARN_ABOUT_RETURN_TYPE = YES_ERROR;
				GCC_WARN_UNDECLARED_SELECTOR = YES;
				GCC_WARN_UNINITIALIZED_AUTOS = YES_AGGRESSIVE;
				GCC_WARN_UNUSED_FUNCTION = YES;
				GCC_WARN_UNUSED_VARIABLE = YES;
				IPHONEOS_DEPLOYMENT_TARGET = 16.2;
				MTL_ENABLE_DEBUG_INFO = NO;
				MTL_FAST_MATH = YES;
				SDKROOT = iphoneos;
				SWIFT_COMPILATION_MODE = wholemodule;
				SWIFT_OPTIMIZATION_LEVEL = "-O";
				VALIDATE_PRODUCT = YES;
			};
			name = Release;
		};
		B5F05C7F2A9D6A5D00719B0C /* Debug */ = {
			isa = XCBuildConfiguration;
			buildSettings = {
				ASSETCATALOG_COMPILER_APPICON_NAME = AppIcon;
				ASSETCATALOG_COMPILER_GLOBAL_ACCENT_COLOR_NAME = AccentColor;
				CODE_SIGN_STYLE = Automatic;
				CURRENT_PROJECT_VERSION = 1;
				DEVELOPMENT_ASSET_PATHS = "\"cat_app/Preview Content\"";
				ENABLE_PREVIEWS = YES;
				GENERATE_INFOPLIST_FILE = YES;
				INFOPLIST_KEY_UIApplicationSceneManifest_Generation = YES;
				INFOPLIST_KEY_UIApplicationSupportsIndirectInputEvents = YES;
				INFOPLIST_KEY_UILaunchScreen_Generation = YES;
				INFOPLIST_KEY_UISupportedInterfaceOrientations_iPad = "UIInterfaceOrientationPortrait UIInterfaceOrientationPortraitUpsideDown UIInterfaceOrientationLandscapeLeft UIInterfaceOrientationLandscapeRight";
				INFOPLIST_KEY_UISupportedInterfaceOrientations_iPhone = "UIInterfaceOrientationPortrait UIInterfaceOrientationLandscapeLeft UIInterfaceOrientationLandscapeRight";
				LD_RUNPATH_SEARCH_PATHS = (
					"$(inherited)",
					"@executable_path/Frameworks",
				);
				MARKETING_VERSION = 1.0;
				PRODUCT_BUNDLE_IDENTIFIER = "com.cat-app.app.cat-app";
				PRODUCT_NAME = "$(TARGET_NAME)";
				SWIFT_EMIT_LOC_STRINGS = YES;
				SWIFT_VERSION = 5.0;
				TARGETED_DEVICE_FAMILY = "1,2";
			};
			name = Debug;
		};
		B5F05C802A9D6A5D00719B0C /* Release */ = {
			isa = XCBuildConfiguration;
			buildSettings = {
				ASSETCATALOG_COMPILER_APPICON_NAME = AppIcon;
				ASSETCATALOG_COMPILER_GLOBAL_ACCENT_COLOR_NAME = AccentColor;
				CODE_SIGN_STYLE = Automatic;
				CURRENT_PROJECT_VERSION = 1;
				DEVELOPMENT_ASSET_PATHS = "\"cat_app/Preview Content\"";
				ENABLE_PREVIEWS = YES;
				GENERATE_INFOPLIST_FILE = YES;
				INFOPLIST_KEY_UIApplicationSceneManifest_Generation = YES;
				INFOPLIST_KEY_UIApplicationSupportsIndirectInputEvents = YES;
				INFOPLIST_KEY_UILaunchScreen_Generation = YES;
				INFOPLIST_KEY_UISupportedInterfaceOrientations_iPad = "UIInterfaceOrientationPortrait UIInterfaceOrientationPortraitUpsideDown UIInterfaceOrientationLandscapeLeft UIInterfaceOrientationLandscapeRight";
				INFOPLIST_KEY_UISupportedInterfaceOrientations_iPhone = "UIInterfaceOrientationPortrait UIInterfaceOrientationLandscapeLeft UIInterfaceOrientationLandscapeRight";
				LD_RUNPATH_SEARCH_PATHS = (
					"$(inherited)",
					"@executable_path/Frameworks",
				);
				MARKETING_VERSION = 1.0;
				PRODUCT_BUNDLE_IDENTIFIER = "com.cat-app.app.cat-app";
				PRODUCT_NAME = "$(TARGET_NAME)";
				SWIFT_EMIT_LOC_STRINGS = YES;
				SWIFT_VERSION = 5.0;
				TARGETED_DEVICE_FAMILY = "1,2";
			};
			name = Release;
		};
		B5F05C822A9D6A5D00719B0C /* Debug */ = {
			isa = XCBuildConfiguration;
			buildSettings = {
				ALWAYS_EMBED_SWIFT_STANDARD_LIBRARIES = YES;
				BUNDLE_LOADER = "$(TEST_HOST)";
				CODE_SIGN_STYLE = Automatic;
				CURRENT_PROJECT_VERSION = 1;
				GENERATE_INFOPLIST_FILE = YES;
				IPHONEOS_DEPLOYMENT_TARGET = 16.2;
				MARKETING_VERSION = 1.0;
				PRODUCT_BUNDLE_IDENTIFIER = "com.cat-app.app.cat-appTests";
				PRODUCT_NAME = "$(TARGET_NAME)";
				SWIFT_EMIT_LOC_STRINGS = NO;
				SWIFT_VERSION = 5.0;
				TARGETED_DEVICE_FAMILY = "1,2";
				TEST_HOST = "$(BUILT_PRODUCTS_DIR)/cat_app.app/$(BUNDLE_EXECUTABLE_FOLDER_PATH)/cat_app";
			};
			name = Debug;
		};
		B5F05C832A9D6A5D00719B0C /* Release */ = {
			isa = XCBuildConfiguration;
			buildSettings = {
				ALWAYS_EMBED_SWIFT_STANDARD_LIBRARIES = YES;
				BUNDLE_LOADER = "$(TEST_HOST)";
				CODE_SIGN_STYLE = Automatic;
				CURRENT_PROJECT_VERSION = 1;
				GENERATE_INFOPLIST_FILE = YES;
				IPHONEOS_DEPLOYMENT_TARGET = 16.2;
				MARKETING_VERSION = 1.0;
				PRODUCT_BUNDLE_IDENTIFIER = "com.cat-app.app.cat-appTests";
				PRODUCT_NAME = "$(TARGET_NAME)";
				SWIFT_EMIT_LOC_STRINGS = NO;
				SWIFT_VERSION = 5.0;
				TARGETED_DEVICE_FAMILY = "1,2";
				TEST_HOST = "$(BUILT_PRODUCTS_DIR)/cat_app.app/$(BUNDLE_EXECUTABLE_FOLDER_PATH)/cat_app";
			};
			name = Release;
		};
		B5F05C852A9D6A5D00719B0C /* Debug */ = {
			isa = XCBuildConfiguration;
			buildSettings = {
				ALWAYS_EMBED_SWIFT_STANDARD_LIBRARIES = YES;
				CODE_SIGN_STYLE = Automatic;
				CURRENT_PROJECT_VERSION = 1;
				GENERATE_INFOPLIST_FILE = YES;
				MARKETING_VERSION = 1.0;
				PRODUCT_BUNDLE_IDENTIFIER = "com.cat-app.app.cat-appUITests";
				PRODUCT_NAME = "$(TARGET_NAME)";
				SWIFT_EMIT_LOC_STRINGS = NO;
				SWIFT_VERSION = 5.0;
				TARGETED_DEVICE_FAMILY = "1,2";
				TEST_TARGET_NAME = cat_app;
			};
			name = Debug;
		};
		B5F05C862A9D6A5D00719B0C /* Release */ = {
			isa = XCBuildConfiguration;
			buildSettings = {
				ALWAYS_EMBED_SWIFT_STANDARD_LIBRARIES = YES;
				CODE_SIGN_STYLE = Automatic;
				CURRENT_PROJECT_VERSION = 1;
				GENERATE_INFOPLIST_FILE = YES;
				MARKETING_VERSION = 1.0;
				PRODUCT_BUNDLE_IDENTIFIER = "com.cat-app.app.cat-appUITests";
				PRODUCT_NAME = "$(TARGET_NAME)";
				SWIFT_EMIT_LOC_STRINGS = NO;
				SWIFT_VERSION = 5.0;
				TARGETED_DEVICE_FAMILY = "1,2";
				TEST_TARGET_NAME = cat_app;
			};
			name = Release;
		};
/* End XCBuildConfiguration section */

/* Begin XCConfigurationList section */
		B5F05C552A9D6A5C00719B0C /* Build configuration list for PBXProject "cat_app" */ = {
			isa = XCConfigurationList;
			buildConfigurations = (
				B5F05C7C2A9D6A5D00719B0C /* Debug */,
				B5F05C7D2A9D6A5D00719B0C /* Release */,
			);
			defaultConfigurationIsVisible = 0;
			defaultConfigurationName = Release;
		};
		B5F05C7E2A9D6A5D00719B0C /* Build configuration list for PBXNativeTarget "cat_app" */ = {
			isa = XCConfigurationList;
			buildConfigurations = (
				B5F05C7F2A9D6A5D00719B0C /* Debug */,
				B5F05C802A9D6A5D00719B0C /* Release */,
			);
			defaultConfigurationIsVisible = 0;
			defaultConfigurationName = Release;
		};
		B5F05C812A9D6A5D00719B0C /* Build configuration list for PBXNativeTarget "cat_appTests" */ = {
			isa = XCConfigurationList;
			buildConfigurations = (
				B5F05C822A9D6A5D00719B0C /* Debug */,
				B5F05C832A9D6A5D00719B0C /* Release */,
			);
			defaultConfigurationIsVisible = 0;
			defaultConfigurationName = Release;
		};
		B5F05C842A9D6A5D00719B0C /* Build configuration list for PBXNativeTarget "cat_appUITests" */ = {
			isa = XCConfigurationList;
			buildConfigurations = (
				B5F05C852A9D6A5D00719B0C /* Debug */,
				B5F05C862A9D6A5D00719B0C /* Release */,
			);
			defaultConfigurationIsVisible = 0;
			defaultConfigurationName = Release;
		};
/* End XCConfigurationList section */
	};
	rootObject = B5F05C522A9D6A5C00719B0C /* Project object */;
}
